// !$*UTF8*$!
{
	archiveVersion = 1;
	classes = {
	};
	objectVersion = 50;
	objects = {

/* Begin PBXBuildFile section */
		379247F7248D11DC005C0CE2 /* AppDelegate.swift in Sources */ = {isa = PBXBuildFile; fileRef = 379247F6248D11DC005C0CE2 /* AppDelegate.swift */; };
		379247F9248D11DC005C0CE2 /* SceneDelegate.swift in Sources */ = {isa = PBXBuildFile; fileRef = 379247F8248D11DC005C0CE2 /* SceneDelegate.swift */; };
		379247FD248D11DF005C0CE2 /* Assets.xcassets in Resources */ = {isa = PBXBuildFile; fileRef = 379247FC248D11DF005C0CE2 /* Assets.xcassets */; };
		37924800248D11DF005C0CE2 /* Preview Assets.xcassets in Resources */ = {isa = PBXBuildFile; fileRef = 379247FF248D11DF005C0CE2 /* Preview Assets.xcassets */; };
		37924803248D11DF005C0CE2 /* LaunchScreen.storyboard in Resources */ = {isa = PBXBuildFile; fileRef = 37924801248D11DF005C0CE2 /* LaunchScreen.storyboard */; };
		37BC60D1248D9D44007616A7 /* ProductListViewModel.swift in Sources */ = {isa = PBXBuildFile; fileRef = 37BC60D0248D9D44007616A7 /* ProductListViewModel.swift */; };
		37BC60D3248D9D7E007616A7 /* ProductListView.swift in Sources */ = {isa = PBXBuildFile; fileRef = 37BC60D2248D9D7E007616A7 /* ProductListView.swift */; };
		37BC60D5248D9D89007616A7 /* Product.swift in Sources */ = {isa = PBXBuildFile; fileRef = 37BC60D4248D9D89007616A7 /* Product.swift */; };
/* End PBXBuildFile section */

/* Begin PBXFileReference section */
		379247F3248D11DC005C0CE2 /* GreatProducts.app */ = {isa = PBXFileReference; explicitFileType = wrapper.application; includeInIndex = 0; path = GreatProducts.app; sourceTree = BUILT_PRODUCTS_DIR; };
		379247F6248D11DC005C0CE2 /* AppDelegate.swift */ = {isa = PBXFileReference; lastKnownFileType = sourcecode.swift; path = AppDelegate.swift; sourceTree = "<group>"; };
		379247F8248D11DC005C0CE2 /* SceneDelegate.swift */ = {isa = PBXFileReference; lastKnownFileType = sourcecode.swift; path = SceneDelegate.swift; sourceTree = "<group>"; };
		379247FC248D11DF005C0CE2 /* Assets.xcassets */ = {isa = PBXFileReference; lastKnownFileType = folder.assetcatalog; path = Assets.xcassets; sourceTree = "<group>"; };
		379247FF248D11DF005C0CE2 /* Preview Assets.xcassets */ = {isa = PBXFileReference; lastKnownFileType = folder.assetcatalog; path = "Preview Assets.xcassets"; sourceTree = "<group>"; };
		37924802248D11DF005C0CE2 /* Base */ = {isa = PBXFileReference; lastKnownFileType = file.storyboard; name = Base; path = Base.lproj/LaunchScreen.storyboard; sourceTree = "<group>"; };
		37924804248D11DF005C0CE2 /* Info.plist */ = {isa = PBXFileReference; lastKnownFileType = text.plist.xml; path = Info.plist; sourceTree = "<group>"; };
		37BC60D0248D9D44007616A7 /* ProductListViewModel.swift */ = {isa = PBXFileReference; lastKnownFileType = sourcecode.swift; path = ProductListViewModel.swift; sourceTree = "<group>"; };
		37BC60D2248D9D7E007616A7 /* ProductListView.swift */ = {isa = PBXFileReference; lastKnownFileType = sourcecode.swift; path = ProductListView.swift; sourceTree = "<group>"; };
		37BC60D4248D9D89007616A7 /* Product.swift */ = {isa = PBXFileReference; lastKnownFileType = sourcecode.swift; path = Product.swift; sourceTree = "<group>"; };
/* End PBXFileReference section */

/* Begin PBXFrameworksBuildPhase section */
		379247F0248D11DC005C0CE2 /* Frameworks */ = {
			isa = PBXFrameworksBuildPhase;
			buildActionMask = 2147483647;
			files = (
			);
			runOnlyForDeploymentPostprocessing = 0;
		};
/* End PBXFrameworksBuildPhase section */

/* Begin PBXGroup section */
		379247EA248D11DC005C0CE2 = {
			isa = PBXGroup;
			children = (
				379247F5248D11DC005C0CE2 /* GreatProducts */,
				379247F4248D11DC005C0CE2 /* Products */,
			);
			sourceTree = "<group>";
		};
		379247F4248D11DC005C0CE2 /* Products */ = {
			isa = PBXGroup;
			children = (
				379247F3248D11DC005C0CE2 /* GreatProducts.app */,
			);
			name = Products;
			sourceTree = "<group>";
		};
		379247F5248D11DC005C0CE2 /* GreatProducts */ = {
			isa = PBXGroup;
			children = (
				37BC60CF248D9D2E007616A7 /* ViewModels */,
				37BC60CE248D9D2A007616A7 /* Views */,
				37BC60CD248D9D25007616A7 /* Models */,
				37BC60CB248D9D09007616A7 /* App */,
				379247FC248D11DF005C0CE2 /* Assets.xcassets */,
				37924801248D11DF005C0CE2 /* LaunchScreen.storyboard */,
				37924804248D11DF005C0CE2 /* Info.plist */,
				379247FE248D11DF005C0CE2 /* Preview Content */,
			);
			path = GreatProducts;
			sourceTree = "<group>";
		};
		379247FE248D11DF005C0CE2 /* Preview Content */ = {
			isa = PBXGroup;
			children = (
				379247FF248D11DF005C0CE2 /* Preview Assets.xcassets */,
			);
			path = "Preview Content";
			sourceTree = "<group>";
		};
		37BC60CB248D9D09007616A7 /* App */ = {
			isa = PBXGroup;
			children = (
				379247F6248D11DC005C0CE2 /* AppDelegate.swift */,
				379247F8248D11DC005C0CE2 /* SceneDelegate.swift */,
			);
			path = App;
			sourceTree = "<group>";
		};
		37BC60CD248D9D25007616A7 /* Models */ = {
			isa = PBXGroup;
			children = (
				37BC60D4248D9D89007616A7 /* Product.swift */,
			);
			path = Models;
			sourceTree = "<group>";
		};
		37BC60CE248D9D2A007616A7 /* Views */ = {
			isa = PBXGroup;
			children = (
				37BC60D2248D9D7E007616A7 /* ProductListView.swift */,
			);
			path = Views;
			sourceTree = "<group>";
		};
		37BC60CF248D9D2E007616A7 /* ViewModels */ = {
			isa = PBXGroup;
			children = (
				37BC60D0248D9D44007616A7 /* ProductListViewModel.swift */,
			);
			path = ViewModels;
			sourceTree = "<group>";
		};
/* End PBXGroup section */

/* Begin PBXNativeTarget section */
		379247F2248D11DC005C0CE2 /* GreatProducts */ = {
			isa = PBXNativeTarget;
			buildConfigurationList = 37924807248D11DF005C0CE2 /* Build configuration list for PBXNativeTarget "GreatProducts" */;
			buildPhases = (
				379247EF248D11DC005C0CE2 /* Sources */,
				379247F0248D11DC005C0CE2 /* Frameworks */,
				379247F1248D11DC005C0CE2 /* Resources */,
			);
			buildRules = (
			);
			dependencies = (
			);
			name = GreatProducts;
			productName = GreatProducts;
			productReference = 379247F3248D11DC005C0CE2 /* GreatProducts.app */;
			productType = "com.apple.product-type.application";
		};
/* End PBXNativeTarget section */

/* Begin PBXProject section */
		379247EB248D11DC005C0CE2 /* Project object */ = {
			isa = PBXProject;
			attributes = {
				LastSwiftUpdateCheck = 1150;
				LastUpgradeCheck = 1150;
				ORGANIZATIONNAME = "Rafael Adolfo";
				TargetAttributes = {
					379247F2248D11DC005C0CE2 = {
						CreatedOnToolsVersion = 11.5;
					};
				};
			};
			buildConfigurationList = 379247EE248D11DC005C0CE2 /* Build configuration list for PBXProject "GreatProducts" */;
			compatibilityVersion = "Xcode 9.3";
			developmentRegion = en;
			hasScannedForEncodings = 0;
			knownRegions = (
				en,
				Base,
			);
			mainGroup = 379247EA248D11DC005C0CE2;
			productRefGroup = 379247F4248D11DC005C0CE2 /* Products */;
			projectDirPath = "";
			projectRoot = "";
			targets = (
				379247F2248D11DC005C0CE2 /* GreatProducts */,
			);
		};
/* End PBXProject section */

/* Begin PBXResourcesBuildPhase section */
		379247F1248D11DC005C0CE2 /* Resources */ = {
			isa = PBXResourcesBuildPhase;
			buildActionMask = 2147483647;
			files = (
				37924803248D11DF005C0CE2 /* LaunchScreen.storyboard in Resources */,
				37924800248D11DF005C0CE2 /* Preview Assets.xcassets in Resources */,
				379247FD248D11DF005C0CE2 /* Assets.xcassets in Resources */,
			);
			runOnlyForDeploymentPostprocessing = 0;
		};
/* End PBXResourcesBuildPhase section */

/* Begin PBXSourcesBuildPhase section */
		379247EF248D11DC005C0CE2 /* Sources */ = {
			isa = PBXSourcesBuildPhase;
			buildActionMask = 2147483647;
			files = (
				379247F7248D11DC005C0CE2 /* AppDelegate.swift in Sources */,
				379247F9248D11DC005C0CE2 /* SceneDelegate.swift in Sources */,
				37BC60D1248D9D44007616A7 /* ProductListViewModel.swift in Sources */,
				37BC60D3248D9D7E007616A7 /* ProductListView.swift in Sources */,
				37BC60D5248D9D89007616A7 /* Product.swift in Sources */,
			);
			runOnlyForDeploymentPostprocessing = 0;
		};
/* End PBXSourcesBuildPhase section */

/* Begin PBXVariantGroup section */
		37924801248D11DF005C0CE2 /* LaunchScreen.storyboard */ = {
			isa = PBXVariantGroup;
			children = (
				37924802248D11DF005C0CE2 /* Base */,
			);
			name = LaunchScreen.storyboard;
			sourceTree = "<group>";
		};
/* End PBXVariantGroup section */

/* Begin XCBuildConfiguration section */
		37924805248D11DF005C0CE2 /* Debug */ = {
			isa = XCBuildConfiguration;
			buildSettings = {
				ALWAYS_SEARCH_USER_PATHS = NO;
				CLANG_ANALYZER_NONNULL = YES;
				CLANG_ANALYZER_NUMBER_OBJECT_CONVERSION = YES_AGGRESSIVE;
				CLANG_CXX_LANGUAGE_STANDARD = "gnu++14";
				CLANG_CXX_LIBRARY = "libc++";
				CLANG_ENABLE_MODULES = YES;
				CLANG_ENABLE_OBJC_ARC = YES;
				CLANG_ENABLE_OBJC_WEAK = YES;
				CLANG_WARN_BLOCK_CAPTURE_AUTORELEASING = YES;
				CLANG_WARN_BOOL_CONVERSION = YES;
				CLANG_WARN_COMMA = YES;
				CLANG_WARN_CONSTANT_CONVERSION = YES;
				CLANG_WARN_DEPRECATED_OBJC_IMPLEMENTATIONS = YES;
				CLANG_WARN_DIRECT_OBJC_ISA_USAGE = YES_ERROR;
				CLANG_WARN_DOCUMENTATION_COMMENTS = YES;
				CLANG_WARN_EMPTY_BODY = YES;
				CLANG_WARN_ENUM_CONVERSION = YES;
				CLANG_WARN_INFINITE_RECURSION = YES;
				CLANG_WARN_INT_CONVERSION = YES;
				CLANG_WARN_NON_LITERAL_NULL_CONVERSION = YES;
				CLANG_WARN_OBJC_IMPLICIT_RETAIN_SELF = YES;
				CLANG_WARN_OBJC_LITERAL_CONVERSION = YES;
				CLANG_WARN_OBJC_ROOT_CLASS = YES_ERROR;
				CLANG_WARN_RANGE_LOOP_ANALYSIS = YES;
				CLANG_WARN_STRICT_PROTOTYPES = YES;
				CLANG_WARN_SUSPICIOUS_MOVE = YES;
				CLANG_WARN_UNGUARDED_AVAILABILITY = YES_AGGRESSIVE;
				CLANG_WARN_UNREACHABLE_CODE = YES;
				CLANG_WARN__DUPLICATE_METHOD_MATCH = YES;
				COPY_PHASE_STRIP = NO;
				DEBUG_INFORMATION_FORMAT = dwarf;
				ENABLE_STRICT_OBJC_MSGSEND = YES;
				ENABLE_TESTABILITY = YES;
				GCC_C_LANGUAGE_STANDARD = gnu11;
				GCC_DYNAMIC_NO_PIC = NO;
				GCC_NO_COMMON_BLOCKS = YES;
				GCC_OPTIMIZATION_LEVEL = 0;
				GCC_PREPROCESSOR_DEFINITIONS = (
					"DEBUG=1",
					"$(inherited)",
				);
				GCC_WARN_64_TO_32_BIT_CONVERSION = YES;
				GCC_WARN_ABOUT_RETURN_TYPE = YES_ERROR;
				GCC_WARN_UNDECLARED_SELECTOR = YES;
				GCC_WARN_UNINITIALIZED_AUTOS = YES_AGGRESSIVE;
				GCC_WARN_UNUSED_FUNCTION = YES;
				GCC_WARN_UNUSED_VARIABLE = YES;
				IPHONEOS_DEPLOYMENT_TARGET = 13.1;
				MTL_ENABLE_DEBUG_INFO = INCLUDE_SOURCE;
				MTL_FAST_MATH = YES;
				ONLY_ACTIVE_ARCH = YES;
				SDKROOT = iphoneos;
				SWIFT_ACTIVE_COMPILATION_CONDITIONS = DEBUG;
				SWIFT_OPTIMIZATION_LEVEL = "-Onone";
			};
			name = Debug;
		};
		37924806248D11DF005C0CE2 /* Release */ = {
			isa = XCBuildConfiguration;
			buildSettings = {
				ALWAYS_SEARCH_USER_PATHS = NO;
				CLANG_ANALYZER_NONNULL = YES;
				CLANG_ANALYZER_NUMBER_OBJECT_CONVERSION = YES_AGGRESSIVE;
				CLANG_CXX_LANGUAGE_STANDARD = "gnu++14";
				CLANG_CXX_LIBRARY = "libc++";
				CLANG_ENABLE_MODULES = YES;
				CLANG_ENABLE_OBJC_ARC = YES;
				CLANG_ENABLE_OBJC_WEAK = YES;
				CLANG_WARN_BLOCK_CAPTURE_AUTORELEASING = YES;
				CLANG_WARN_BOOL_CONVERSION = YES;
				CLANG_WARN_COMMA = YES;
				CLANG_WARN_CONSTANT_CONVERSION = YES;
				CLANG_WARN_DEPRECATED_OBJC_IMPLEMENTATIONS = YES;
				CLANG_WARN_DIRECT_OBJC_ISA_USAGE = YES_ERROR;
				CLANG_WARN_DOCUMENTATION_COMMENTS = YES;
				CLANG_WARN_EMPTY_BODY = YES;
				CLANG_WARN_ENUM_CONVERSION = YES;
				CLANG_WARN_INFINITE_RECURSION = YES;
				CLANG_WARN_INT_CONVERSION = YES;
				CLANG_WARN_NON_LITERAL_NULL_CONVERSION = YES;
				CLANG_WARN_OBJC_IMPLICIT_RETAIN_SELF = YES;
				CLANG_WARN_OBJC_LITERAL_CONVERSION = YES;
				CLANG_WARN_OBJC_ROOT_CLASS = YES_ERROR;
				CLANG_WARN_RANGE_LOOP_ANALYSIS = YES;
				CLANG_WARN_STRICT_PROTOTYPES = YES;
				CLANG_WARN_SUSPICIOUS_MOVE = YES;
				CLANG_WARN_UNGUARDED_AVAILABILITY = YES_AGGRESSIVE;
				CLANG_WARN_UNREACHABLE_CODE = YES;
				CLANG_WARN__DUPLICATE_METHOD_MATCH = YES;
				COPY_PHASE_STRIP = NO;
				DEBUG_INFORMATION_FORMAT = "dwarf-with-dsym";
				ENABLE_NS_ASSERTIONS = NO;
				ENABLE_STRICT_OBJC_MSGSEND = YES;
				GCC_C_LANGUAGE_STANDARD = gnu11;
				GCC_NO_COMMON_BLOCKS = YES;
				GCC_WARN_64_TO_32_BIT_CONVERSION = YES;
				GCC_WARN_ABOUT_RETURN_TYPE = YES_ERROR;
				GCC_WARN_UNDECLARED_SELECTOR = YES;
				GCC_WARN_UNINITIALIZED_AUTOS = YES_AGGRESSIVE;
				GCC_WARN_UNUSED_FUNCTION = YES;
				GCC_WARN_UNUSED_VARIABLE = YES;
				IPHONEOS_DEPLOYMENT_TARGET = 13.1;
				MTL_ENABLE_DEBUG_INFO = NO;
				MTL_FAST_MATH = YES;
				SDKROOT = iphoneos;
				SWIFT_COMPILATION_MODE = wholemodule;
				SWIFT_OPTIMIZATION_LEVEL = "-O";
				VALIDATE_PRODUCT = YES;
			};
			name = Release;
		};
		37924808248D11DF005C0CE2 /* Debug */ = {
			isa = XCBuildConfiguration;
			buildSettings = {
				ASSETCATALOG_COMPILER_APPICON_NAME = AppIcon;
				CODE_SIGN_STYLE = Automatic;
				CURRENT_PROJECT_VERSION = 1.1;
				DEVELOPMENT_ASSET_PATHS = "\"GreatProducts/Preview Content\"";
				DEVELOPMENT_TEAM = 2GPVEAAU5A;
				ENABLE_PREVIEWS = YES;
				INFOPLIST_FILE = GreatProducts/Info.plist;
				IPHONEOS_DEPLOYMENT_TARGET = 13.1;
				LD_RUNPATH_SEARCH_PATHS = (
					"$(inherited)",
					"@executable_path/Frameworks",
				);
				MARKETING_VERSION = 1.1;
				PRODUCT_BUNDLE_IDENTIFIER = com.rafaeladolfo.GreatProducts;
				PRODUCT_NAME = "$(TARGET_NAME)";
				SWIFT_VERSION = 5.0;
				TARGETED_DEVICE_FAMILY = "1,2";
			};
			name = Debug;
		};
		37924809248D11DF005C0CE2 /* Release */ = {
			isa = XCBuildConfiguration;
			buildSettings = {
				ASSETCATALOG_COMPILER_APPICON_NAME = AppIcon;
				CODE_SIGN_STYLE = Automatic;
				CURRENT_PROJECT_VERSION = 1.1;
				DEVELOPMENT_ASSET_PATHS = "\"GreatProducts/Preview Content\"";
				DEVELOPMENT_TEAM = 2GPVEAAU5A;
				ENABLE_PREVIEWS = YES;
				INFOPLIST_FILE = GreatProducts/Info.plist;
				IPHONEOS_DEPLOYMENT_TARGET = 13.1;
				LD_RUNPATH_SEARCH_PATHS = (
					"$(inherited)",
					"@executable_path/Frameworks",
				);
				MARKETING_VERSION = 1.1;
				PRODUCT_BUNDLE_IDENTIFIER = com.rafaeladolfo.GreatProducts;
				PRODUCT_NAME = "$(TARGET_NAME)";
				SWIFT_VERSION = 5.0;
				TARGETED_DEVICE_FAMILY = "1,2";
			};
			name = Release;
		};
/* End XCBuildConfiguration section */

/* Begin XCConfigurationList section */
		379247EE248D11DC005C0CE2 /* Build configuration list for PBXProject "GreatProducts" */ = {
			isa = XCConfigurationList;
			buildConfigurations = (
				37924805248D11DF005C0CE2 /* Debug */,
				37924806248D11DF005C0CE2 /* Release */,
			);
			defaultConfigurationIsVisible = 0;
			defaultConfigurationName = Release;
		};
		37924807248D11DF005C0CE2 /* Build configuration list for PBXNativeTarget "GreatProducts" */ = {
			isa = XCConfigurationList;
			buildConfigurations = (
				37924808248D11DF005C0CE2 /* Debug */,
				37924809248D11DF005C0CE2 /* Release */,
			);
			defaultConfigurationIsVisible = 0;
			defaultConfigurationName = Release;
		};
/* End XCConfigurationList section */
	};
	rootObject = 379247EB248D11DC005C0CE2 /* Project object */;
}
